// !$*UTF8*$!
{
	archiveVersion = 1;
	classes = {
	};
	objectVersion = 56;
	objects = {

/* Begin PBXBuildFile section */
		17599F472A80DE3B00501E0A /* DRoneApp.swift in Sources */ = {isa = PBXBuildFile; fileRef = 17599F462A80DE3B00501E0A /* DRoneApp.swift */; };
		17599F4B2A80DE3D00501E0A /* Assets.xcassets in Resources */ = {isa = PBXBuildFile; fileRef = 17599F4A2A80DE3D00501E0A /* Assets.xcassets */; };
		17599F4E2A80DE3D00501E0A /* Preview Assets.xcassets in Resources */ = {isa = PBXBuildFile; fileRef = 17599F4D2A80DE3D00501E0A /* Preview Assets.xcassets */; };
		17599F592A80DF7C00501E0A /* AppService.swift in Sources */ = {isa = PBXBuildFile; fileRef = 17599F582A80DF7C00501E0A /* AppService.swift */; };
		17599F5C2A80E11300501E0A /* TabBarView.swift in Sources */ = {isa = PBXBuildFile; fileRef = 17599F5B2A80E11300501E0A /* TabBarView.swift */; };
		17599F612A80E1E400501E0A /* ViewModifiers.swift in Sources */ = {isa = PBXBuildFile; fileRef = 17599F602A80E1E400501E0A /* ViewModifiers.swift */; };
		17599F642A80E94D00501E0A /* HomeView.swift in Sources */ = {isa = PBXBuildFile; fileRef = 17599F632A80E94D00501E0A /* HomeView.swift */; };
		17599F662A80E96D00501E0A /* HomeViewModel.swift in Sources */ = {isa = PBXBuildFile; fileRef = 17599F652A80E96D00501E0A /* HomeViewModel.swift */; };
		17599F682A80E97D00501E0A /* BaseViewModel.swift in Sources */ = {isa = PBXBuildFile; fileRef = 17599F672A80E97D00501E0A /* BaseViewModel.swift */; };
		17599F6B2A80EF9200501E0A /* Abel-Regular.ttf in Resources */ = {isa = PBXBuildFile; fileRef = 17599F6A2A80EF9200501E0A /* Abel-Regular.ttf */; };
		17599F6E2A80EFD800501E0A /* Fonts.swift in Sources */ = {isa = PBXBuildFile; fileRef = 17599F6D2A80EFD800501E0A /* Fonts.swift */; };
		17599F702A80FB7400501E0A /* MainView.swift in Sources */ = {isa = PBXBuildFile; fileRef = 17599F6F2A80FB7400501E0A /* MainView.swift */; };
		17599F742A80FC0900501E0A /* MainViewModel.swift in Sources */ = {isa = PBXBuildFile; fileRef = 17599F732A80FC0900501E0A /* MainViewModel.swift */; };
		17599F762A80FD0600501E0A /* TabBarViewModel.swift in Sources */ = {isa = PBXBuildFile; fileRef = 17599F752A80FD0600501E0A /* TabBarViewModel.swift */; };
/* End PBXBuildFile section */

/* Begin PBXFileReference section */
		17599F432A80DE3B00501E0A /* DRone.app */ = {isa = PBXFileReference; explicitFileType = wrapper.application; includeInIndex = 0; path = DRone.app; sourceTree = BUILT_PRODUCTS_DIR; };
		17599F462A80DE3B00501E0A /* DRoneApp.swift */ = {isa = PBXFileReference; lastKnownFileType = sourcecode.swift; path = DRoneApp.swift; sourceTree = "<group>"; };
		17599F4A2A80DE3D00501E0A /* Assets.xcassets */ = {isa = PBXFileReference; lastKnownFileType = folder.assetcatalog; path = Assets.xcassets; sourceTree = "<group>"; };
		17599F4D2A80DE3D00501E0A /* Preview Assets.xcassets */ = {isa = PBXFileReference; lastKnownFileType = folder.assetcatalog; path = "Preview Assets.xcassets"; sourceTree = "<group>"; };
		17599F582A80DF7C00501E0A /* AppService.swift */ = {isa = PBXFileReference; lastKnownFileType = sourcecode.swift; path = AppService.swift; sourceTree = "<group>"; };
		17599F5B2A80E11300501E0A /* TabBarView.swift */ = {isa = PBXFileReference; lastKnownFileType = sourcecode.swift; path = TabBarView.swift; sourceTree = "<group>"; };
		17599F602A80E1E400501E0A /* ViewModifiers.swift */ = {isa = PBXFileReference; lastKnownFileType = sourcecode.swift; path = ViewModifiers.swift; sourceTree = "<group>"; };
		17599F632A80E94D00501E0A /* HomeView.swift */ = {isa = PBXFileReference; lastKnownFileType = sourcecode.swift; path = HomeView.swift; sourceTree = "<group>"; };
		17599F652A80E96D00501E0A /* HomeViewModel.swift */ = {isa = PBXFileReference; lastKnownFileType = sourcecode.swift; path = HomeViewModel.swift; sourceTree = "<group>"; };
		17599F672A80E97D00501E0A /* BaseViewModel.swift */ = {isa = PBXFileReference; lastKnownFileType = sourcecode.swift; path = BaseViewModel.swift; sourceTree = "<group>"; };
		17599F6A2A80EF9200501E0A /* Abel-Regular.ttf */ = {isa = PBXFileReference; lastKnownFileType = file; path = "Abel-Regular.ttf"; sourceTree = "<group>"; };
		17599F6C2A80EFA800501E0A /* Info.plist */ = {isa = PBXFileReference; lastKnownFileType = text.plist; path = Info.plist; sourceTree = "<group>"; };
		17599F6D2A80EFD800501E0A /* Fonts.swift */ = {isa = PBXFileReference; lastKnownFileType = sourcecode.swift; path = Fonts.swift; sourceTree = "<group>"; };
		17599F6F2A80FB7400501E0A /* MainView.swift */ = {isa = PBXFileReference; lastKnownFileType = sourcecode.swift; path = MainView.swift; sourceTree = "<group>"; };
		17599F732A80FC0900501E0A /* MainViewModel.swift */ = {isa = PBXFileReference; lastKnownFileType = sourcecode.swift; path = MainViewModel.swift; sourceTree = "<group>"; };
		17599F752A80FD0600501E0A /* TabBarViewModel.swift */ = {isa = PBXFileReference; lastKnownFileType = sourcecode.swift; path = TabBarViewModel.swift; sourceTree = "<group>"; };
/* End PBXFileReference section */

/* Begin PBXFrameworksBuildPhase section */
		17599F402A80DE3B00501E0A /* Frameworks */ = {
			isa = PBXFrameworksBuildPhase;
			buildActionMask = 2147483647;
			files = (
			);
			runOnlyForDeploymentPostprocessing = 0;
		};
/* End PBXFrameworksBuildPhase section */

/* Begin PBXGroup section */
		17599F3A2A80DE3B00501E0A = {
			isa = PBXGroup;
			children = (
				17599F452A80DE3B00501E0A /* DRone */,
				17599F442A80DE3B00501E0A /* Products */,
			);
			sourceTree = "<group>";
		};
		17599F442A80DE3B00501E0A /* Products */ = {
			isa = PBXGroup;
			children = (
				17599F432A80DE3B00501E0A /* DRone.app */,
			);
			name = Products;
			sourceTree = "<group>";
		};
		17599F452A80DE3B00501E0A /* DRone */ = {
			isa = PBXGroup;
			children = (
				17599F6C2A80EFA800501E0A /* Info.plist */,
				17599F692A80EF7600501E0A /* Font */,
				17599F4C2A80DE3D00501E0A /* Preview Content */,
				17599F462A80DE3B00501E0A /* DRoneApp.swift */,
				17599F4A2A80DE3D00501E0A /* Assets.xcassets */,
				17599F542A80DF3300501E0A /* API */,
				17599F552A80DF3800501E0A /* Service */,
				17599F562A80DF4300501E0A /* Models */,
				17599F572A80DF4C00501E0A /* UI */,
				17599F5E2A80E1BF00501E0A /* Utils */,
			);
			path = DRone;
			sourceTree = "<group>";
		};
		17599F4C2A80DE3D00501E0A /* Preview Content */ = {
			isa = PBXGroup;
			children = (
				17599F4D2A80DE3D00501E0A /* Preview Assets.xcassets */,
			);
			path = "Preview Content";
			sourceTree = "<group>";
		};
		17599F542A80DF3300501E0A /* API */ = {
			isa = PBXGroup;
			children = (
			);
			path = API;
			sourceTree = "<group>";
		};
		17599F552A80DF3800501E0A /* Service */ = {
			isa = PBXGroup;
			children = (
				17599F582A80DF7C00501E0A /* AppService.swift */,
			);
			path = Service;
			sourceTree = "<group>";
		};
		17599F562A80DF4300501E0A /* Models */ = {
			isa = PBXGroup;
			children = (
			);
			path = Models;
			sourceTree = "<group>";
		};
		17599F572A80DF4C00501E0A /* UI */ = {
			isa = PBXGroup;
			children = (
				17599F712A80FBF700501E0A /* MainView */,
				17599F622A80E93600501E0A /* HomeScreen */,
				17599F5A2A80E10300501E0A /* CustomTabBarNavigation */,
			);
			path = UI;
			sourceTree = "<group>";
		};
		17599F5A2A80E10300501E0A /* CustomTabBarNavigation */ = {
			isa = PBXGroup;
			children = (
				17599F5B2A80E11300501E0A /* TabBarView.swift */,
				17599F752A80FD0600501E0A /* TabBarViewModel.swift */,
			);
			path = CustomTabBarNavigation;
			sourceTree = "<group>";
		};
		17599F5E2A80E1BF00501E0A /* Utils */ = {
			isa = PBXGroup;
			children = (
				17599F5F2A80E1CF00501E0A /* Extensions */,
				17599F672A80E97D00501E0A /* BaseViewModel.swift */,
			);
			path = Utils;
			sourceTree = "<group>";
		};
		17599F5F2A80E1CF00501E0A /* Extensions */ = {
			isa = PBXGroup;
			children = (
				17599F602A80E1E400501E0A /* ViewModifiers.swift */,
				17599F6D2A80EFD800501E0A /* Fonts.swift */,
			);
			path = Extensions;
			sourceTree = "<group>";
		};
		17599F622A80E93600501E0A /* HomeScreen */ = {
			isa = PBXGroup;
			children = (
				17599F632A80E94D00501E0A /* HomeView.swift */,
				17599F652A80E96D00501E0A /* HomeViewModel.swift */,
			);
			path = HomeScreen;
			sourceTree = "<group>";
		};
		17599F692A80EF7600501E0A /* Font */ = {
			isa = PBXGroup;
			children = (
				17599F6A2A80EF9200501E0A /* Abel-Regular.ttf */,
			);
			path = Font;
			sourceTree = "<group>";
		};
		17599F712A80FBF700501E0A /* MainView */ = {
			isa = PBXGroup;
			children = (
				17599F6F2A80FB7400501E0A /* MainView.swift */,
				17599F732A80FC0900501E0A /* MainViewModel.swift */,
			);
			path = MainView;
			sourceTree = "<group>";
		};
/* End PBXGroup section */

/* Begin PBXNativeTarget section */
		17599F422A80DE3B00501E0A /* DRone */ = {
			isa = PBXNativeTarget;
			buildConfigurationList = 17599F512A80DE3D00501E0A /* Build configuration list for PBXNativeTarget "DRone" */;
			buildPhases = (
				17599F3F2A80DE3B00501E0A /* Sources */,
				17599F402A80DE3B00501E0A /* Frameworks */,
				17599F412A80DE3B00501E0A /* Resources */,
			);
			buildRules = (
			);
			dependencies = (
			);
			name = DRone;
			productName = DRone;
			productReference = 17599F432A80DE3B00501E0A /* DRone.app */;
			productType = "com.apple.product-type.application";
		};
/* End PBXNativeTarget section */

/* Begin PBXProject section */
		17599F3B2A80DE3B00501E0A /* Project object */ = {
			isa = PBXProject;
			attributes = {
				BuildIndependentTargetsInParallel = 1;
				LastSwiftUpdateCheck = 1430;
				LastUpgradeCheck = 1430;
				TargetAttributes = {
					17599F422A80DE3B00501E0A = {
						CreatedOnToolsVersion = 14.3.1;
					};
				};
			};
			buildConfigurationList = 17599F3E2A80DE3B00501E0A /* Build configuration list for PBXProject "DRone" */;
			compatibilityVersion = "Xcode 14.0";
			developmentRegion = en;
			hasScannedForEncodings = 0;
			knownRegions = (
				en,
				Base,
			);
			mainGroup = 17599F3A2A80DE3B00501E0A;
			productRefGroup = 17599F442A80DE3B00501E0A /* Products */;
			projectDirPath = "";
			projectRoot = "";
			targets = (
				17599F422A80DE3B00501E0A /* DRone */,
			);
		};
/* End PBXProject section */

/* Begin PBXResourcesBuildPhase section */
		17599F412A80DE3B00501E0A /* Resources */ = {
			isa = PBXResourcesBuildPhase;
			buildActionMask = 2147483647;
			files = (
				17599F6B2A80EF9200501E0A /* Abel-Regular.ttf in Resources */,
				17599F4E2A80DE3D00501E0A /* Preview Assets.xcassets in Resources */,
				17599F4B2A80DE3D00501E0A /* Assets.xcassets in Resources */,
			);
			runOnlyForDeploymentPostprocessing = 0;
		};
/* End PBXResourcesBuildPhase section */

/* Begin PBXSourcesBuildPhase section */
		17599F3F2A80DE3B00501E0A /* Sources */ = {
			isa = PBXSourcesBuildPhase;
			buildActionMask = 2147483647;
			files = (
				17599F6E2A80EFD800501E0A /* Fonts.swift in Sources */,
				17599F702A80FB7400501E0A /* MainView.swift in Sources */,
				17599F612A80E1E400501E0A /* ViewModifiers.swift in Sources */,
				17599F662A80E96D00501E0A /* HomeViewModel.swift in Sources */,
				17599F592A80DF7C00501E0A /* AppService.swift in Sources */,
				17599F742A80FC0900501E0A /* MainViewModel.swift in Sources */,
				17599F682A80E97D00501E0A /* BaseViewModel.swift in Sources */,
				17599F472A80DE3B00501E0A /* DRoneApp.swift in Sources */,
				17599F642A80E94D00501E0A /* HomeView.swift in Sources */,
				17599F762A80FD0600501E0A /* TabBarViewModel.swift in Sources */,
				17599F5C2A80E11300501E0A /* TabBarView.swift in Sources */,
			);
			runOnlyForDeploymentPostprocessing = 0;
		};
/* End PBXSourcesBuildPhase section */

/* Begin XCBuildConfiguration section */
		17599F4F2A80DE3D00501E0A /* Debug */ = {
			isa = XCBuildConfiguration;
			buildSettings = {
				ALWAYS_SEARCH_USER_PATHS = NO;
				CLANG_ANALYZER_NONNULL = YES;
				CLANG_ANALYZER_NUMBER_OBJECT_CONVERSION = YES_AGGRESSIVE;
				CLANG_CXX_LANGUAGE_STANDARD = "gnu++20";
				CLANG_ENABLE_MODULES = YES;
				CLANG_ENABLE_OBJC_ARC = YES;
				CLANG_ENABLE_OBJC_WEAK = YES;
				CLANG_WARN_BLOCK_CAPTURE_AUTORELEASING = YES;
				CLANG_WARN_BOOL_CONVERSION = YES;
				CLANG_WARN_COMMA = YES;
				CLANG_WARN_CONSTANT_CONVERSION = YES;
				CLANG_WARN_DEPRECATED_OBJC_IMPLEMENTATIONS = YES;
				CLANG_WARN_DIRECT_OBJC_ISA_USAGE = YES_ERROR;
				CLANG_WARN_DOCUMENTATION_COMMENTS = YES;
				CLANG_WARN_EMPTY_BODY = YES;
				CLANG_WARN_ENUM_CONVERSION = YES;
				CLANG_WARN_INFINITE_RECURSION = YES;
				CLANG_WARN_INT_CONVERSION = YES;
				CLANG_WARN_NON_LITERAL_NULL_CONVERSION = YES;
				CLANG_WARN_OBJC_IMPLICIT_RETAIN_SELF = YES;
				CLANG_WARN_OBJC_LITERAL_CONVERSION = YES;
				CLANG_WARN_OBJC_ROOT_CLASS = YES_ERROR;
				CLANG_WARN_QUOTED_INCLUDE_IN_FRAMEWORK_HEADER = YES;
				CLANG_WARN_RANGE_LOOP_ANALYSIS = YES;
				CLANG_WARN_STRICT_PROTOTYPES = YES;
				CLANG_WARN_SUSPICIOUS_MOVE = YES;
				CLANG_WARN_UNGUARDED_AVAILABILITY = YES_AGGRESSIVE;
				CLANG_WARN_UNREACHABLE_CODE = YES;
				CLANG_WARN__DUPLICATE_METHOD_MATCH = YES;
				COPY_PHASE_STRIP = NO;
				DEBUG_INFORMATION_FORMAT = dwarf;
				ENABLE_STRICT_OBJC_MSGSEND = YES;
				ENABLE_TESTABILITY = YES;
				GCC_C_LANGUAGE_STANDARD = gnu11;
				GCC_DYNAMIC_NO_PIC = NO;
				GCC_NO_COMMON_BLOCKS = YES;
				GCC_OPTIMIZATION_LEVEL = 0;
				GCC_PREPROCESSOR_DEFINITIONS = (
					"DEBUG=1",
					"$(inherited)",
				);
				GCC_WARN_64_TO_32_BIT_CONVERSION = YES;
				GCC_WARN_ABOUT_RETURN_TYPE = YES_ERROR;
				GCC_WARN_UNDECLARED_SELECTOR = YES;
				GCC_WARN_UNINITIALIZED_AUTOS = YES_AGGRESSIVE;
				GCC_WARN_UNUSED_FUNCTION = YES;
				GCC_WARN_UNUSED_VARIABLE = YES;
				IPHONEOS_DEPLOYMENT_TARGET = 16.4;
				MTL_ENABLE_DEBUG_INFO = INCLUDE_SOURCE;
				MTL_FAST_MATH = YES;
				ONLY_ACTIVE_ARCH = YES;
				SDKROOT = iphoneos;
				SWIFT_ACTIVE_COMPILATION_CONDITIONS = DEBUG;
				SWIFT_OPTIMIZATION_LEVEL = "-Onone";
			};
			name = Debug;
		};
		17599F502A80DE3D00501E0A /* Release */ = {
			isa = XCBuildConfiguration;
			buildSettings = {
				ALWAYS_SEARCH_USER_PATHS = NO;
				CLANG_ANALYZER_NONNULL = YES;
				CLANG_ANALYZER_NUMBER_OBJECT_CONVERSION = YES_AGGRESSIVE;
				CLANG_CXX_LANGUAGE_STANDARD = "gnu++20";
				CLANG_ENABLE_MODULES = YES;
				CLANG_ENABLE_OBJC_ARC = YES;
				CLANG_ENABLE_OBJC_WEAK = YES;
				CLANG_WARN_BLOCK_CAPTURE_AUTORELEASING = YES;
				CLANG_WARN_BOOL_CONVERSION = YES;
				CLANG_WARN_COMMA = YES;
				CLANG_WARN_CONSTANT_CONVERSION = YES;
				CLANG_WARN_DEPRECATED_OBJC_IMPLEMENTATIONS = YES;
				CLANG_WARN_DIRECT_OBJC_ISA_USAGE = YES_ERROR;
				CLANG_WARN_DOCUMENTATION_COMMENTS = YES;
				CLANG_WARN_EMPTY_BODY = YES;
				CLANG_WARN_ENUM_CONVERSION = YES;
				CLANG_WARN_INFINITE_RECURSION = YES;
				CLANG_WARN_INT_CONVERSION = YES;
				CLANG_WARN_NON_LITERAL_NULL_CONVERSION = YES;
				CLANG_WARN_OBJC_IMPLICIT_RETAIN_SELF = YES;
				CLANG_WARN_OBJC_LITERAL_CONVERSION = YES;
				CLANG_WARN_OBJC_ROOT_CLASS = YES_ERROR;
				CLANG_WARN_QUOTED_INCLUDE_IN_FRAMEWORK_HEADER = YES;
				CLANG_WARN_RANGE_LOOP_ANALYSIS = YES;
				CLANG_WARN_STRICT_PROTOTYPES = YES;
				CLANG_WARN_SUSPICIOUS_MOVE = YES;
				CLANG_WARN_UNGUARDED_AVAILABILITY = YES_AGGRESSIVE;
				CLANG_WARN_UNREACHABLE_CODE = YES;
				CLANG_WARN__DUPLICATE_METHOD_MATCH = YES;
				COPY_PHASE_STRIP = NO;
				DEBUG_INFORMATION_FORMAT = "dwarf-with-dsym";
				ENABLE_NS_ASSERTIONS = NO;
				ENABLE_STRICT_OBJC_MSGSEND = YES;
				GCC_C_LANGUAGE_STANDARD = gnu11;
				GCC_NO_COMMON_BLOCKS = YES;
				GCC_WARN_64_TO_32_BIT_CONVERSION = YES;
				GCC_WARN_ABOUT_RETURN_TYPE = YES_ERROR;
				GCC_WARN_UNDECLARED_SELECTOR = YES;
				GCC_WARN_UNINITIALIZED_AUTOS = YES_AGGRESSIVE;
				GCC_WARN_UNUSED_FUNCTION = YES;
				GCC_WARN_UNUSED_VARIABLE = YES;
				IPHONEOS_DEPLOYMENT_TARGET = 16.4;
				MTL_ENABLE_DEBUG_INFO = NO;
				MTL_FAST_MATH = YES;
				SDKROOT = iphoneos;
				SWIFT_COMPILATION_MODE = wholemodule;
				SWIFT_OPTIMIZATION_LEVEL = "-O";
				VALIDATE_PRODUCT = YES;
			};
			name = Release;
		};
		17599F522A80DE3D00501E0A /* Debug */ = {
			isa = XCBuildConfiguration;
			buildSettings = {
				ASSETCATALOG_COMPILER_APPICON_NAME = AppIcon;
				ASSETCATALOG_COMPILER_GLOBAL_ACCENT_COLOR_NAME = AccentColor;
				CODE_SIGN_STYLE = Automatic;
				CURRENT_PROJECT_VERSION = 1;
				DEVELOPMENT_ASSET_PATHS = "\"DRone/Preview Content\"";
				DEVELOPMENT_TEAM = G67K295JTY;
				ENABLE_PREVIEWS = YES;
				GENERATE_INFOPLIST_FILE = YES;
				INFOPLIST_FILE = DRone/Info.plist;
				INFOPLIST_KEY_UIApplicationSceneManifest_Generation = YES;
				INFOPLIST_KEY_UIApplicationSupportsIndirectInputEvents = YES;
				INFOPLIST_KEY_UILaunchScreen_Generation = YES;
				INFOPLIST_KEY_UISupportedInterfaceOrientations_iPad = "UIInterfaceOrientationPortrait UIInterfaceOrientationPortraitUpsideDown UIInterfaceOrientationLandscapeLeft UIInterfaceOrientationLandscapeRight";
				INFOPLIST_KEY_UISupportedInterfaceOrientations_iPhone = "UIInterfaceOrientationPortrait UIInterfaceOrientationLandscapeLeft UIInterfaceOrientationLandscapeRight";
				LD_RUNPATH_SEARCH_PATHS = (
					"$(inherited)",
					"@executable_path/Frameworks",
				);
				MARKETING_VERSION = 1.0;
				PRODUCT_BUNDLE_IDENTIFIER = "drone-app.DRone";
				PRODUCT_NAME = "$(TARGET_NAME)";
				SWIFT_EMIT_LOC_STRINGS = YES;
				SWIFT_VERSION = 5.0;
				TARGETED_DEVICE_FAMILY = "1,2";
			};
			name = Debug;
		};
		17599F532A80DE3D00501E0A /* Release */ = {
			isa = XCBuildConfiguration;
			buildSettings = {
				ASSETCATALOG_COMPILER_APPICON_NAME = AppIcon;
				ASSETCATALOG_COMPILER_GLOBAL_ACCENT_COLOR_NAME = AccentColor;
				CODE_SIGN_STYLE = Automatic;
				CURRENT_PROJECT_VERSION = 1;
				DEVELOPMENT_ASSET_PATHS = "\"DRone/Preview Content\"";
				DEVELOPMENT_TEAM = G67K295JTY;
				ENABLE_PREVIEWS = YES;
				GENERATE_INFOPLIST_FILE = YES;
				INFOPLIST_FILE = DRone/Info.plist;
				INFOPLIST_KEY_UIApplicationSceneManifest_Generation = YES;
				INFOPLIST_KEY_UIApplicationSupportsIndirectInputEvents = YES;
				INFOPLIST_KEY_UILaunchScreen_Generation = YES;
				INFOPLIST_KEY_UISupportedInterfaceOrientations_iPad = "UIInterfaceOrientationPortrait UIInterfaceOrientationPortraitUpsideDown UIInterfaceOrientationLandscapeLeft UIInterfaceOrientationLandscapeRight";
				INFOPLIST_KEY_UISupportedInterfaceOrientations_iPhone = "UIInterfaceOrientationPortrait UIInterfaceOrientationLandscapeLeft UIInterfaceOrientationLandscapeRight";
				LD_RUNPATH_SEARCH_PATHS = (
					"$(inherited)",
					"@executable_path/Frameworks",
				);
				MARKETING_VERSION = 1.0;
				PRODUCT_BUNDLE_IDENTIFIER = "drone-app.DRone";
				PRODUCT_NAME = "$(TARGET_NAME)";
				SWIFT_EMIT_LOC_STRINGS = YES;
				SWIFT_VERSION = 5.0;
				TARGETED_DEVICE_FAMILY = "1,2";
			};
			name = Release;
		};
/* End XCBuildConfiguration section */

/* Begin XCConfigurationList section */
		17599F3E2A80DE3B00501E0A /* Build configuration list for PBXProject "DRone" */ = {
			isa = XCConfigurationList;
			buildConfigurations = (
				17599F4F2A80DE3D00501E0A /* Debug */,
				17599F502A80DE3D00501E0A /* Release */,
			);
			defaultConfigurationIsVisible = 0;
			defaultConfigurationName = Release;
		};
		17599F512A80DE3D00501E0A /* Build configuration list for PBXNativeTarget "DRone" */ = {
			isa = XCConfigurationList;
			buildConfigurations = (
				17599F522A80DE3D00501E0A /* Debug */,
				17599F532A80DE3D00501E0A /* Release */,
			);
			defaultConfigurationIsVisible = 0;
			defaultConfigurationName = Release;
		};
/* End XCConfigurationList section */
	};
	rootObject = 17599F3B2A80DE3B00501E0A /* Project object */;
}
