// !$*UTF8*$!
{
	archiveVersion = 1;
	classes = {
	};
	objectVersion = 56;
	objects = {

/* Begin PBXBuildFile section */
		172D63DF2A81137B006621F4 /* WeatherAPI.swift in Sources */ = {isa = PBXBuildFile; fileRef = 172D63DE2A81137B006621F4 /* WeatherAPI.swift */; };
		172D63E12A8113E5006621F4 /* LocationWeatherModel.swift in Sources */ = {isa = PBXBuildFile; fileRef = 172D63E02A8113E5006621F4 /* LocationWeatherModel.swift */; };
		172D63E42A811667006621F4 /* SwiftyJSON in Frameworks */ = {isa = PBXBuildFile; productRef = 172D63E32A811667006621F4 /* SwiftyJSON */; };
		172D63E62A8118D5006621F4 /* WeatherService.swift in Sources */ = {isa = PBXBuildFile; fileRef = 172D63E52A8118D5006621F4 /* WeatherService.swift */; };
		172D63E92A811BC0006621F4 /* netfox in Frameworks */ = {isa = PBXBuildFile; productRef = 172D63E82A811BC0006621F4 /* netfox */; };
		172D63EB2A811EB0006621F4 /* LocationService.swift in Sources */ = {isa = PBXBuildFile; fileRef = 172D63EA2A811EB0006621F4 /* LocationService.swift */; };
		17599F472A80DE3B00501E0A /* DRoneApp.swift in Sources */ = {isa = PBXBuildFile; fileRef = 17599F462A80DE3B00501E0A /* DRoneApp.swift */; };
		17599F4B2A80DE3D00501E0A /* Assets.xcassets in Resources */ = {isa = PBXBuildFile; fileRef = 17599F4A2A80DE3D00501E0A /* Assets.xcassets */; };
		17599F4E2A80DE3D00501E0A /* Preview Assets.xcassets in Resources */ = {isa = PBXBuildFile; fileRef = 17599F4D2A80DE3D00501E0A /* Preview Assets.xcassets */; };
		17599F592A80DF7C00501E0A /* AppService.swift in Sources */ = {isa = PBXBuildFile; fileRef = 17599F582A80DF7C00501E0A /* AppService.swift */; };
		17599F5C2A80E11300501E0A /* TabBarView.swift in Sources */ = {isa = PBXBuildFile; fileRef = 17599F5B2A80E11300501E0A /* TabBarView.swift */; };
		17599F612A80E1E400501E0A /* ViewModifiers.swift in Sources */ = {isa = PBXBuildFile; fileRef = 17599F602A80E1E400501E0A /* ViewModifiers.swift */; };
		17599F642A80E94D00501E0A /* HomeView.swift in Sources */ = {isa = PBXBuildFile; fileRef = 17599F632A80E94D00501E0A /* HomeView.swift */; };
		17599F662A80E96D00501E0A /* HomeViewModel.swift in Sources */ = {isa = PBXBuildFile; fileRef = 17599F652A80E96D00501E0A /* HomeViewModel.swift */; };
		17599F682A80E97D00501E0A /* BaseViewModel.swift in Sources */ = {isa = PBXBuildFile; fileRef = 17599F672A80E97D00501E0A /* BaseViewModel.swift */; };
		17599F6B2A80EF9200501E0A /* Abel-Regular.ttf in Resources */ = {isa = PBXBuildFile; fileRef = 17599F6A2A80EF9200501E0A /* Abel-Regular.ttf */; };
		17599F6E2A80EFD800501E0A /* Fonts.swift in Sources */ = {isa = PBXBuildFile; fileRef = 17599F6D2A80EFD800501E0A /* Fonts.swift */; };
		17599F702A80FB7400501E0A /* MainView.swift in Sources */ = {isa = PBXBuildFile; fileRef = 17599F6F2A80FB7400501E0A /* MainView.swift */; };
		17599F742A80FC0900501E0A /* MainViewModel.swift in Sources */ = {isa = PBXBuildFile; fileRef = 17599F732A80FC0900501E0A /* MainViewModel.swift */; };
		17599F762A80FD0600501E0A /* TabBarViewModel.swift in Sources */ = {isa = PBXBuildFile; fileRef = 17599F752A80FD0600501E0A /* TabBarViewModel.swift */; };
		178689272A84CB31002B908E /* EnvironmentValues.swift in Sources */ = {isa = PBXBuildFile; fileRef = 178689262A84CB31002B908E /* EnvironmentValues.swift */; };
		178689292A84D8F3002B908E /* CLLocation.swift in Sources */ = {isa = PBXBuildFile; fileRef = 178689282A84D8F3002B908E /* CLLocation.swift */; };
		1786892C2A84E824002B908E /* ChangeLocationView.swift in Sources */ = {isa = PBXBuildFile; fileRef = 1786892B2A84E824002B908E /* ChangeLocationView.swift */; };
		1786892E2A84E82F002B908E /* ChangeLocationViewModel.swift in Sources */ = {isa = PBXBuildFile; fileRef = 1786892D2A84E82F002B908E /* ChangeLocationViewModel.swift */; };
		178689302A84F110002B908E /* TextField.swift in Sources */ = {isa = PBXBuildFile; fileRef = 1786892F2A84F110002B908E /* TextField.swift */; };
		179D6ACF2A837A33005700B8 /* HomeViewFailed.swift in Sources */ = {isa = PBXBuildFile; fileRef = 179D6ACE2A837A33005700B8 /* HomeViewFailed.swift */; };
		179D6AD12A83882B005700B8 /* ReactiveData.swift in Sources */ = {isa = PBXBuildFile; fileRef = 179D6AD02A83882B005700B8 /* ReactiveData.swift */; };
		179D6AD32A839174005700B8 /* Strings.swift in Sources */ = {isa = PBXBuildFile; fileRef = 179D6AD22A839174005700B8 /* Strings.swift */; };
		179D6AD52A83938C005700B8 /* HomeViewLoaded.swift in Sources */ = {isa = PBXBuildFile; fileRef = 179D6AD42A83938C005700B8 /* HomeViewLoaded.swift */; };
		179D6AD72A8393F0005700B8 /* LocationAPI.swift in Sources */ = {isa = PBXBuildFile; fileRef = 179D6AD62A8393F0005700B8 /* LocationAPI.swift */; };
		179D6ADA2A8398A7005700B8 /* WeatherPrognosisView.swift in Sources */ = {isa = PBXBuildFile; fileRef = 179D6AD92A8398A7005700B8 /* WeatherPrognosisView.swift */; };
		179D6ADC2A83991C005700B8 /* WeatherPrognosisViewModel.swift in Sources */ = {isa = PBXBuildFile; fileRef = 179D6ADB2A83991C005700B8 /* WeatherPrognosisViewModel.swift */; };
		179D6ADF2A83C75C005700B8 /* LoaderView.swift in Sources */ = {isa = PBXBuildFile; fileRef = 179D6ADE2A83C75C005700B8 /* LoaderView.swift */; };
		179D6AE22A83CBC0005700B8 /* SearchingViewModel.swift in Sources */ = {isa = PBXBuildFile; fileRef = 179D6AE12A83CBC0005700B8 /* SearchingViewModel.swift */; };
		179D6AE42A83CBD6005700B8 /* SearchingView.swift in Sources */ = {isa = PBXBuildFile; fileRef = 179D6AE32A83CBD6005700B8 /* SearchingView.swift */; };
		17F796452A82829F005E4135 /* HomeViewLoading.swift in Sources */ = {isa = PBXBuildFile; fileRef = 17F796442A82829F005E4135 /* HomeViewLoading.swift */; };
		17F796472A8283AE005E4135 /* CardShimmer.swift in Sources */ = {isa = PBXBuildFile; fileRef = 17F796462A8283AE005E4135 /* CardShimmer.swift */; };
		B81664878F5A4489154D1E4A /* libPods-DRone.a in Frameworks */ = {isa = PBXBuildFile; fileRef = 30822F99450DF6E7667D8AD3 /* libPods-DRone.a */; };
/* End PBXBuildFile section */

/* Begin PBXFileReference section */
		172D63DE2A81137B006621F4 /* WeatherAPI.swift */ = {isa = PBXFileReference; lastKnownFileType = sourcecode.swift; path = WeatherAPI.swift; sourceTree = "<group>"; };
		172D63E02A8113E5006621F4 /* LocationWeatherModel.swift */ = {isa = PBXFileReference; lastKnownFileType = sourcecode.swift; path = LocationWeatherModel.swift; sourceTree = "<group>"; };
		172D63E52A8118D5006621F4 /* WeatherService.swift */ = {isa = PBXFileReference; lastKnownFileType = sourcecode.swift; path = WeatherService.swift; sourceTree = "<group>"; };
		172D63EA2A811EB0006621F4 /* LocationService.swift */ = {isa = PBXFileReference; lastKnownFileType = sourcecode.swift; path = LocationService.swift; sourceTree = "<group>"; };
		17599F432A80DE3B00501E0A /* DRone.app */ = {isa = PBXFileReference; explicitFileType = wrapper.application; includeInIndex = 0; path = DRone.app; sourceTree = BUILT_PRODUCTS_DIR; };
		17599F462A80DE3B00501E0A /* DRoneApp.swift */ = {isa = PBXFileReference; lastKnownFileType = sourcecode.swift; path = DRoneApp.swift; sourceTree = "<group>"; };
		17599F4A2A80DE3D00501E0A /* Assets.xcassets */ = {isa = PBXFileReference; lastKnownFileType = folder.assetcatalog; path = Assets.xcassets; sourceTree = "<group>"; };
		17599F4D2A80DE3D00501E0A /* Preview Assets.xcassets */ = {isa = PBXFileReference; lastKnownFileType = folder.assetcatalog; path = "Preview Assets.xcassets"; sourceTree = "<group>"; };
		17599F582A80DF7C00501E0A /* AppService.swift */ = {isa = PBXFileReference; lastKnownFileType = sourcecode.swift; path = AppService.swift; sourceTree = "<group>"; };
		17599F5B2A80E11300501E0A /* TabBarView.swift */ = {isa = PBXFileReference; lastKnownFileType = sourcecode.swift; path = TabBarView.swift; sourceTree = "<group>"; };
		17599F602A80E1E400501E0A /* ViewModifiers.swift */ = {isa = PBXFileReference; lastKnownFileType = sourcecode.swift; path = ViewModifiers.swift; sourceTree = "<group>"; };
		17599F632A80E94D00501E0A /* HomeView.swift */ = {isa = PBXFileReference; lastKnownFileType = sourcecode.swift; path = HomeView.swift; sourceTree = "<group>"; };
		17599F652A80E96D00501E0A /* HomeViewModel.swift */ = {isa = PBXFileReference; lastKnownFileType = sourcecode.swift; path = HomeViewModel.swift; sourceTree = "<group>"; };
		17599F672A80E97D00501E0A /* BaseViewModel.swift */ = {isa = PBXFileReference; lastKnownFileType = sourcecode.swift; path = BaseViewModel.swift; sourceTree = "<group>"; };
		17599F6A2A80EF9200501E0A /* Abel-Regular.ttf */ = {isa = PBXFileReference; lastKnownFileType = file; path = "Abel-Regular.ttf"; sourceTree = "<group>"; };
		17599F6C2A80EFA800501E0A /* Info.plist */ = {isa = PBXFileReference; lastKnownFileType = text.plist; path = Info.plist; sourceTree = "<group>"; };
		17599F6D2A80EFD800501E0A /* Fonts.swift */ = {isa = PBXFileReference; lastKnownFileType = sourcecode.swift; path = Fonts.swift; sourceTree = "<group>"; };
		17599F6F2A80FB7400501E0A /* MainView.swift */ = {isa = PBXFileReference; lastKnownFileType = sourcecode.swift; path = MainView.swift; sourceTree = "<group>"; };
		17599F732A80FC0900501E0A /* MainViewModel.swift */ = {isa = PBXFileReference; lastKnownFileType = sourcecode.swift; path = MainViewModel.swift; sourceTree = "<group>"; };
		17599F752A80FD0600501E0A /* TabBarViewModel.swift */ = {isa = PBXFileReference; lastKnownFileType = sourcecode.swift; path = TabBarViewModel.swift; sourceTree = "<group>"; };
		178689262A84CB31002B908E /* EnvironmentValues.swift */ = {isa = PBXFileReference; lastKnownFileType = sourcecode.swift; path = EnvironmentValues.swift; sourceTree = "<group>"; };
		178689282A84D8F3002B908E /* CLLocation.swift */ = {isa = PBXFileReference; lastKnownFileType = sourcecode.swift; path = CLLocation.swift; sourceTree = "<group>"; };
		1786892B2A84E824002B908E /* ChangeLocationView.swift */ = {isa = PBXFileReference; lastKnownFileType = sourcecode.swift; path = ChangeLocationView.swift; sourceTree = "<group>"; };
		1786892D2A84E82F002B908E /* ChangeLocationViewModel.swift */ = {isa = PBXFileReference; lastKnownFileType = sourcecode.swift; path = ChangeLocationViewModel.swift; sourceTree = "<group>"; };
		1786892F2A84F110002B908E /* TextField.swift */ = {isa = PBXFileReference; lastKnownFileType = sourcecode.swift; path = TextField.swift; sourceTree = "<group>"; };
		179D6ACE2A837A33005700B8 /* HomeViewFailed.swift */ = {isa = PBXFileReference; lastKnownFileType = sourcecode.swift; path = HomeViewFailed.swift; sourceTree = "<group>"; };
		179D6AD02A83882B005700B8 /* ReactiveData.swift */ = {isa = PBXFileReference; lastKnownFileType = sourcecode.swift; path = ReactiveData.swift; sourceTree = "<group>"; };
		179D6AD22A839174005700B8 /* Strings.swift */ = {isa = PBXFileReference; lastKnownFileType = sourcecode.swift; path = Strings.swift; sourceTree = "<group>"; };
		179D6AD42A83938C005700B8 /* HomeViewLoaded.swift */ = {isa = PBXFileReference; lastKnownFileType = sourcecode.swift; path = HomeViewLoaded.swift; sourceTree = "<group>"; };
		179D6AD62A8393F0005700B8 /* LocationAPI.swift */ = {isa = PBXFileReference; lastKnownFileType = sourcecode.swift; path = LocationAPI.swift; sourceTree = "<group>"; };
		179D6AD92A8398A7005700B8 /* WeatherPrognosisView.swift */ = {isa = PBXFileReference; lastKnownFileType = sourcecode.swift; path = WeatherPrognosisView.swift; sourceTree = "<group>"; };
		179D6ADB2A83991C005700B8 /* WeatherPrognosisViewModel.swift */ = {isa = PBXFileReference; lastKnownFileType = sourcecode.swift; path = WeatherPrognosisViewModel.swift; sourceTree = "<group>"; };
		179D6ADE2A83C75C005700B8 /* LoaderView.swift */ = {isa = PBXFileReference; lastKnownFileType = sourcecode.swift; path = LoaderView.swift; sourceTree = "<group>"; };
		179D6AE12A83CBC0005700B8 /* SearchingViewModel.swift */ = {isa = PBXFileReference; lastKnownFileType = sourcecode.swift; path = SearchingViewModel.swift; sourceTree = "<group>"; };
		179D6AE32A83CBD6005700B8 /* SearchingView.swift */ = {isa = PBXFileReference; lastKnownFileType = sourcecode.swift; path = SearchingView.swift; sourceTree = "<group>"; };
		17F796442A82829F005E4135 /* HomeViewLoading.swift */ = {isa = PBXFileReference; lastKnownFileType = sourcecode.swift; path = HomeViewLoading.swift; sourceTree = "<group>"; };
		17F796462A8283AE005E4135 /* CardShimmer.swift */ = {isa = PBXFileReference; lastKnownFileType = sourcecode.swift; path = CardShimmer.swift; sourceTree = "<group>"; };
		30822F99450DF6E7667D8AD3 /* libPods-DRone.a */ = {isa = PBXFileReference; explicitFileType = archive.ar; includeInIndex = 0; path = "libPods-DRone.a"; sourceTree = BUILT_PRODUCTS_DIR; };
		3C0093FF0799CD9F1874A0C9 /* Pods-DRone.release.xcconfig */ = {isa = PBXFileReference; includeInIndex = 1; lastKnownFileType = text.xcconfig; name = "Pods-DRone.release.xcconfig"; path = "Target Support Files/Pods-DRone/Pods-DRone.release.xcconfig"; sourceTree = "<group>"; };
		7464A3A4A522C186AFDA5FC2 /* Pods-DRone.debug.xcconfig */ = {isa = PBXFileReference; includeInIndex = 1; lastKnownFileType = text.xcconfig; name = "Pods-DRone.debug.xcconfig"; path = "Target Support Files/Pods-DRone/Pods-DRone.debug.xcconfig"; sourceTree = "<group>"; };
/* End PBXFileReference section */

/* Begin PBXFrameworksBuildPhase section */
		17599F402A80DE3B00501E0A /* Frameworks */ = {
			isa = PBXFrameworksBuildPhase;
			buildActionMask = 2147483647;
			files = (
				172D63E92A811BC0006621F4 /* netfox in Frameworks */,
				172D63E42A811667006621F4 /* SwiftyJSON in Frameworks */,
				B81664878F5A4489154D1E4A /* libPods-DRone.a in Frameworks */,
			);
			runOnlyForDeploymentPostprocessing = 0;
		};
/* End PBXFrameworksBuildPhase section */

/* Begin PBXGroup section */
		17599F3A2A80DE3B00501E0A = {
			isa = PBXGroup;
			children = (
				17599F452A80DE3B00501E0A /* DRone */,
				17599F442A80DE3B00501E0A /* Products */,
				B525C6C08940B60400489D68 /* Pods */,
				7339BFCAA6BE72838CDE7180 /* Frameworks */,
			);
			sourceTree = "<group>";
		};
		17599F442A80DE3B00501E0A /* Products */ = {
			isa = PBXGroup;
			children = (
				17599F432A80DE3B00501E0A /* DRone.app */,
			);
			name = Products;
			sourceTree = "<group>";
		};
		17599F452A80DE3B00501E0A /* DRone */ = {
			isa = PBXGroup;
			children = (
				17599F6C2A80EFA800501E0A /* Info.plist */,
				17599F692A80EF7600501E0A /* Font */,
				17599F4C2A80DE3D00501E0A /* Preview Content */,
				17599F462A80DE3B00501E0A /* DRoneApp.swift */,
				17599F4A2A80DE3D00501E0A /* Assets.xcassets */,
				17599F542A80DF3300501E0A /* API */,
				17599F552A80DF3800501E0A /* Service */,
				17599F562A80DF4300501E0A /* Models */,
				17599F572A80DF4C00501E0A /* UI */,
				17599F5E2A80E1BF00501E0A /* Utils */,
			);
			path = DRone;
			sourceTree = "<group>";
		};
		17599F4C2A80DE3D00501E0A /* Preview Content */ = {
			isa = PBXGroup;
			children = (
				17599F4D2A80DE3D00501E0A /* Preview Assets.xcassets */,
			);
			path = "Preview Content";
			sourceTree = "<group>";
		};
		17599F542A80DF3300501E0A /* API */ = {
			isa = PBXGroup;
			children = (
				172D63DE2A81137B006621F4 /* WeatherAPI.swift */,
				179D6AD62A8393F0005700B8 /* LocationAPI.swift */,
			);
			path = API;
			sourceTree = "<group>";
		};
		17599F552A80DF3800501E0A /* Service */ = {
			isa = PBXGroup;
			children = (
				17599F582A80DF7C00501E0A /* AppService.swift */,
				172D63E52A8118D5006621F4 /* WeatherService.swift */,
				172D63EA2A811EB0006621F4 /* LocationService.swift */,
			);
			path = Service;
			sourceTree = "<group>";
		};
		17599F562A80DF4300501E0A /* Models */ = {
			isa = PBXGroup;
			children = (
				172D63E02A8113E5006621F4 /* LocationWeatherModel.swift */,
			);
			path = Models;
			sourceTree = "<group>";
		};
		17599F572A80DF4C00501E0A /* UI */ = {
			isa = PBXGroup;
			children = (
				1786892A2A84E7FF002B908E /* ChangeLocationScreen */,
				179D6AE02A83CBAE005700B8 /* SearchingView */,
				17599F712A80FBF700501E0A /* MainView */,
				17599F622A80E93600501E0A /* HomeScreen */,
				179D6AD82A83978E005700B8 /* WeatherPrognossisScreen */,
				17599F5A2A80E10300501E0A /* CustomTabBarNavigation */,
			);
			path = UI;
			sourceTree = "<group>";
		};
		17599F5A2A80E10300501E0A /* CustomTabBarNavigation */ = {
			isa = PBXGroup;
			children = (
				17599F5B2A80E11300501E0A /* TabBarView.swift */,
				17599F752A80FD0600501E0A /* TabBarViewModel.swift */,
			);
			path = CustomTabBarNavigation;
			sourceTree = "<group>";
		};
		17599F5E2A80E1BF00501E0A /* Utils */ = {
			isa = PBXGroup;
			children = (
				17599F5F2A80E1CF00501E0A /* Extensions */,
				17599F672A80E97D00501E0A /* BaseViewModel.swift */,
				179D6AD02A83882B005700B8 /* ReactiveData.swift */,
			);
			path = Utils;
			sourceTree = "<group>";
		};
		17599F5F2A80E1CF00501E0A /* Extensions */ = {
			isa = PBXGroup;
			children = (
				17599F602A80E1E400501E0A /* ViewModifiers.swift */,
				17599F6D2A80EFD800501E0A /* Fonts.swift */,
				179D6AD22A839174005700B8 /* Strings.swift */,
				178689262A84CB31002B908E /* EnvironmentValues.swift */,
				178689282A84D8F3002B908E /* CLLocation.swift */,
				1786892F2A84F110002B908E /* TextField.swift */,
			);
			path = Extensions;
			sourceTree = "<group>";
		};
		17599F622A80E93600501E0A /* HomeScreen */ = {
			isa = PBXGroup;
			children = (
				17599F632A80E94D00501E0A /* HomeView.swift */,
				179D6AD42A83938C005700B8 /* HomeViewLoaded.swift */,
				17F796442A82829F005E4135 /* HomeViewLoading.swift */,
				179D6ACE2A837A33005700B8 /* HomeViewFailed.swift */,
				17F796462A8283AE005E4135 /* CardShimmer.swift */,
				17599F652A80E96D00501E0A /* HomeViewModel.swift */,
			);
			path = HomeScreen;
			sourceTree = "<group>";
		};
		17599F692A80EF7600501E0A /* Font */ = {
			isa = PBXGroup;
			children = (
				17599F6A2A80EF9200501E0A /* Abel-Regular.ttf */,
			);
			path = Font;
			sourceTree = "<group>";
		};
		17599F712A80FBF700501E0A /* MainView */ = {
			isa = PBXGroup;
			children = (
				17599F6F2A80FB7400501E0A /* MainView.swift */,
				17599F732A80FC0900501E0A /* MainViewModel.swift */,
			);
			path = MainView;
			sourceTree = "<group>";
		};
		1786892A2A84E7FF002B908E /* ChangeLocationScreen */ = {
			isa = PBXGroup;
			children = (
				1786892B2A84E824002B908E /* ChangeLocationView.swift */,
				1786892D2A84E82F002B908E /* ChangeLocationViewModel.swift */,
			);
			path = ChangeLocationScreen;
			sourceTree = "<group>";
		};
		179D6AD82A83978E005700B8 /* WeatherPrognossisScreen */ = {
			isa = PBXGroup;
			children = (
				179D6AD92A8398A7005700B8 /* WeatherPrognosisView.swift */,
				179D6ADB2A83991C005700B8 /* WeatherPrognosisViewModel.swift */,
			);
			path = WeatherPrognossisScreen;
			sourceTree = "<group>";
		};
		179D6ADD2A83C749005700B8 /* LoaderView */ = {
			isa = PBXGroup;
			children = (
				179D6ADE2A83C75C005700B8 /* LoaderView.swift */,
			);
			path = LoaderView;
			sourceTree = "<group>";
		};
		179D6AE02A83CBAE005700B8 /* SearchingView */ = {
			isa = PBXGroup;
			children = (
				179D6AE32A83CBD6005700B8 /* SearchingView.swift */,
				179D6AE12A83CBC0005700B8 /* SearchingViewModel.swift */,
				179D6ADD2A83C749005700B8 /* LoaderView */,
			);
			path = SearchingView;
			sourceTree = "<group>";
		};
		7339BFCAA6BE72838CDE7180 /* Frameworks */ = {
			isa = PBXGroup;
			children = (
				30822F99450DF6E7667D8AD3 /* libPods-DRone.a */,
			);
			name = Frameworks;
			sourceTree = "<group>";
		};
		B525C6C08940B60400489D68 /* Pods */ = {
			isa = PBXGroup;
			children = (
				7464A3A4A522C186AFDA5FC2 /* Pods-DRone.debug.xcconfig */,
				3C0093FF0799CD9F1874A0C9 /* Pods-DRone.release.xcconfig */,
			);
			path = Pods;
			sourceTree = "<group>";
		};
/* End PBXGroup section */

/* Begin PBXNativeTarget section */
		17599F422A80DE3B00501E0A /* DRone */ = {
			isa = PBXNativeTarget;
			buildConfigurationList = 17599F512A80DE3D00501E0A /* Build configuration list for PBXNativeTarget "DRone" */;
			buildPhases = (
				A7869C64AEC52E764E813B68 /* [CP] Check Pods Manifest.lock */,
				17599F3F2A80DE3B00501E0A /* Sources */,
				17599F402A80DE3B00501E0A /* Frameworks */,
				17599F412A80DE3B00501E0A /* Resources */,
				88DA082B1CFF7C3078C4112A /* [CP] Copy Pods Resources */,
			);
			buildRules = (
			);
			dependencies = (
			);
			name = DRone;
			packageProductDependencies = (
				172D63E32A811667006621F4 /* SwiftyJSON */,
				172D63E82A811BC0006621F4 /* netfox */,
			);
			productName = DRone;
			productReference = 17599F432A80DE3B00501E0A /* DRone.app */;
			productType = "com.apple.product-type.application";
		};
/* End PBXNativeTarget section */

/* Begin PBXProject section */
		17599F3B2A80DE3B00501E0A /* Project object */ = {
			isa = PBXProject;
			attributes = {
				BuildIndependentTargetsInParallel = 1;
				LastSwiftUpdateCheck = 1430;
				LastUpgradeCheck = 1430;
				TargetAttributes = {
					17599F422A80DE3B00501E0A = {
						CreatedOnToolsVersion = 14.3.1;
					};
				};
			};
			buildConfigurationList = 17599F3E2A80DE3B00501E0A /* Build configuration list for PBXProject "DRone" */;
			compatibilityVersion = "Xcode 14.0";
			developmentRegion = en;
			hasScannedForEncodings = 0;
			knownRegions = (
				en,
				Base,
			);
			mainGroup = 17599F3A2A80DE3B00501E0A;
			packageReferences = (
				172D63E22A811667006621F4 /* XCRemoteSwiftPackageReference "SwiftyJSON" */,
				172D63E72A811BC0006621F4 /* XCRemoteSwiftPackageReference "netfox" */,
			);
			productRefGroup = 17599F442A80DE3B00501E0A /* Products */;
			projectDirPath = "";
			projectRoot = "";
			targets = (
				17599F422A80DE3B00501E0A /* DRone */,
			);
		};
/* End PBXProject section */

/* Begin PBXResourcesBuildPhase section */
		17599F412A80DE3B00501E0A /* Resources */ = {
			isa = PBXResourcesBuildPhase;
			buildActionMask = 2147483647;
			files = (
				17599F6B2A80EF9200501E0A /* Abel-Regular.ttf in Resources */,
				17599F4E2A80DE3D00501E0A /* Preview Assets.xcassets in Resources */,
				17599F4B2A80DE3D00501E0A /* Assets.xcassets in Resources */,
			);
			runOnlyForDeploymentPostprocessing = 0;
		};
/* End PBXResourcesBuildPhase section */

/* Begin PBXShellScriptBuildPhase section */
		88DA082B1CFF7C3078C4112A /* [CP] Copy Pods Resources */ = {
			isa = PBXShellScriptBuildPhase;
			buildActionMask = 2147483647;
			files = (
			);
			inputFileListPaths = (
				"${PODS_ROOT}/Target Support Files/Pods-DRone/Pods-DRone-resources-${CONFIGURATION}-input-files.xcfilelist",
			);
			name = "[CP] Copy Pods Resources";
			outputFileListPaths = (
				"${PODS_ROOT}/Target Support Files/Pods-DRone/Pods-DRone-resources-${CONFIGURATION}-output-files.xcfilelist",
			);
			runOnlyForDeploymentPostprocessing = 0;
			shellPath = /bin/sh;
			shellScript = "\"${PODS_ROOT}/Target Support Files/Pods-DRone/Pods-DRone-resources.sh\"\n";
			showEnvVarsInLog = 0;
		};
		A7869C64AEC52E764E813B68 /* [CP] Check Pods Manifest.lock */ = {
			isa = PBXShellScriptBuildPhase;
			buildActionMask = 2147483647;
			files = (
			);
			inputFileListPaths = (
			);
			inputPaths = (
				"${PODS_PODFILE_DIR_PATH}/Podfile.lock",
				"${PODS_ROOT}/Manifest.lock",
			);
			name = "[CP] Check Pods Manifest.lock";
			outputFileListPaths = (
			);
			outputPaths = (
				"$(DERIVED_FILE_DIR)/Pods-DRone-checkManifestLockResult.txt",
			);
			runOnlyForDeploymentPostprocessing = 0;
			shellPath = /bin/sh;
			shellScript = "diff \"${PODS_PODFILE_DIR_PATH}/Podfile.lock\" \"${PODS_ROOT}/Manifest.lock\" > /dev/null\nif [ $? != 0 ] ; then\n    # print error to STDERR\n    echo \"error: The sandbox is not in sync with the Podfile.lock. Run 'pod install' or update your CocoaPods installation.\" >&2\n    exit 1\nfi\n# This output is used by Xcode 'outputs' to avoid re-running this script phase.\necho \"SUCCESS\" > \"${SCRIPT_OUTPUT_FILE_0}\"\n";
			showEnvVarsInLog = 0;
		};
/* End PBXShellScriptBuildPhase section */

/* Begin PBXSourcesBuildPhase section */
		17599F3F2A80DE3B00501E0A /* Sources */ = {
			isa = PBXSourcesBuildPhase;
			buildActionMask = 2147483647;
			files = (
				17F796452A82829F005E4135 /* HomeViewLoading.swift in Sources */,
				17599F6E2A80EFD800501E0A /* Fonts.swift in Sources */,
				179D6ADC2A83991C005700B8 /* WeatherPrognosisViewModel.swift in Sources */,
				179D6ADA2A8398A7005700B8 /* WeatherPrognosisView.swift in Sources */,
				1786892E2A84E82F002B908E /* ChangeLocationViewModel.swift in Sources */,
				179D6AD32A839174005700B8 /* Strings.swift in Sources */,
				17599F702A80FB7400501E0A /* MainView.swift in Sources */,
				17599F612A80E1E400501E0A /* ViewModifiers.swift in Sources */,
				178689272A84CB31002B908E /* EnvironmentValues.swift in Sources */,
				17599F662A80E96D00501E0A /* HomeViewModel.swift in Sources */,
				17599F592A80DF7C00501E0A /* AppService.swift in Sources */,
				17599F742A80FC0900501E0A /* MainViewModel.swift in Sources */,
				178689292A84D8F3002B908E /* CLLocation.swift in Sources */,
				172D63E62A8118D5006621F4 /* WeatherService.swift in Sources */,
				17F796472A8283AE005E4135 /* CardShimmer.swift in Sources */,
				172D63EB2A811EB0006621F4 /* LocationService.swift in Sources */,
				179D6AE42A83CBD6005700B8 /* SearchingView.swift in Sources */,
				179D6AD12A83882B005700B8 /* ReactiveData.swift in Sources */,
				17599F682A80E97D00501E0A /* BaseViewModel.swift in Sources */,
				178689302A84F110002B908E /* TextField.swift in Sources */,
				17599F472A80DE3B00501E0A /* DRoneApp.swift in Sources */,
				172D63E12A8113E5006621F4 /* LocationWeatherModel.swift in Sources */,
				17599F642A80E94D00501E0A /* HomeView.swift in Sources */,
				179D6ACF2A837A33005700B8 /* HomeViewFailed.swift in Sources */,
				179D6AD52A83938C005700B8 /* HomeViewLoaded.swift in Sources */,
				172D63DF2A81137B006621F4 /* WeatherAPI.swift in Sources */,
				179D6AD72A8393F0005700B8 /* LocationAPI.swift in Sources */,
				179D6ADF2A83C75C005700B8 /* LoaderView.swift in Sources */,
				179D6AE22A83CBC0005700B8 /* SearchingViewModel.swift in Sources */,
				17599F762A80FD0600501E0A /* TabBarViewModel.swift in Sources */,
				17599F5C2A80E11300501E0A /* TabBarView.swift in Sources */,
				1786892C2A84E824002B908E /* ChangeLocationView.swift in Sources */,
			);
			runOnlyForDeploymentPostprocessing = 0;
		};
/* End PBXSourcesBuildPhase section */

/* Begin XCBuildConfiguration section */
		17599F4F2A80DE3D00501E0A /* Debug */ = {
			isa = XCBuildConfiguration;
			buildSettings = {
				ALWAYS_SEARCH_USER_PATHS = NO;
				CLANG_ANALYZER_NONNULL = YES;
				CLANG_ANALYZER_NUMBER_OBJECT_CONVERSION = YES_AGGRESSIVE;
				CLANG_CXX_LANGUAGE_STANDARD = "gnu++20";
				CLANG_ENABLE_MODULES = YES;
				CLANG_ENABLE_OBJC_ARC = YES;
				CLANG_ENABLE_OBJC_WEAK = YES;
				CLANG_WARN_BLOCK_CAPTURE_AUTORELEASING = YES;
				CLANG_WARN_BOOL_CONVERSION = YES;
				CLANG_WARN_COMMA = YES;
				CLANG_WARN_CONSTANT_CONVERSION = YES;
				CLANG_WARN_DEPRECATED_OBJC_IMPLEMENTATIONS = YES;
				CLANG_WARN_DIRECT_OBJC_ISA_USAGE = YES_ERROR;
				CLANG_WARN_DOCUMENTATION_COMMENTS = YES;
				CLANG_WARN_EMPTY_BODY = YES;
				CLANG_WARN_ENUM_CONVERSION = YES;
				CLANG_WARN_INFINITE_RECURSION = YES;
				CLANG_WARN_INT_CONVERSION = YES;
				CLANG_WARN_NON_LITERAL_NULL_CONVERSION = YES;
				CLANG_WARN_OBJC_IMPLICIT_RETAIN_SELF = YES;
				CLANG_WARN_OBJC_LITERAL_CONVERSION = YES;
				CLANG_WARN_OBJC_ROOT_CLASS = YES_ERROR;
				CLANG_WARN_QUOTED_INCLUDE_IN_FRAMEWORK_HEADER = YES;
				CLANG_WARN_RANGE_LOOP_ANALYSIS = YES;
				CLANG_WARN_STRICT_PROTOTYPES = YES;
				CLANG_WARN_SUSPICIOUS_MOVE = YES;
				CLANG_WARN_UNGUARDED_AVAILABILITY = YES_AGGRESSIVE;
				CLANG_WARN_UNREACHABLE_CODE = YES;
				CLANG_WARN__DUPLICATE_METHOD_MATCH = YES;
				COPY_PHASE_STRIP = NO;
				DEBUG_INFORMATION_FORMAT = dwarf;
				ENABLE_STRICT_OBJC_MSGSEND = YES;
				ENABLE_TESTABILITY = YES;
				GCC_C_LANGUAGE_STANDARD = gnu11;
				GCC_DYNAMIC_NO_PIC = NO;
				GCC_NO_COMMON_BLOCKS = YES;
				GCC_OPTIMIZATION_LEVEL = 0;
				GCC_PREPROCESSOR_DEFINITIONS = (
					"DEBUG=1",
					"$(inherited)",
				);
				GCC_WARN_64_TO_32_BIT_CONVERSION = YES;
				GCC_WARN_ABOUT_RETURN_TYPE = YES_ERROR;
				GCC_WARN_UNDECLARED_SELECTOR = YES;
				GCC_WARN_UNINITIALIZED_AUTOS = YES_AGGRESSIVE;
				GCC_WARN_UNUSED_FUNCTION = YES;
				GCC_WARN_UNUSED_VARIABLE = YES;
				IPHONEOS_DEPLOYMENT_TARGET = 16.4;
				MTL_ENABLE_DEBUG_INFO = INCLUDE_SOURCE;
				MTL_FAST_MATH = YES;
				ONLY_ACTIVE_ARCH = YES;
				SDKROOT = iphoneos;
				SWIFT_ACTIVE_COMPILATION_CONDITIONS = DEBUG;
				SWIFT_OPTIMIZATION_LEVEL = "-Onone";
			};
			name = Debug;
		};
		17599F502A80DE3D00501E0A /* Release */ = {
			isa = XCBuildConfiguration;
			buildSettings = {
				ALWAYS_SEARCH_USER_PATHS = NO;
				CLANG_ANALYZER_NONNULL = YES;
				CLANG_ANALYZER_NUMBER_OBJECT_CONVERSION = YES_AGGRESSIVE;
				CLANG_CXX_LANGUAGE_STANDARD = "gnu++20";
				CLANG_ENABLE_MODULES = YES;
				CLANG_ENABLE_OBJC_ARC = YES;
				CLANG_ENABLE_OBJC_WEAK = YES;
				CLANG_WARN_BLOCK_CAPTURE_AUTORELEASING = YES;
				CLANG_WARN_BOOL_CONVERSION = YES;
				CLANG_WARN_COMMA = YES;
				CLANG_WARN_CONSTANT_CONVERSION = YES;
				CLANG_WARN_DEPRECATED_OBJC_IMPLEMENTATIONS = YES;
				CLANG_WARN_DIRECT_OBJC_ISA_USAGE = YES_ERROR;
				CLANG_WARN_DOCUMENTATION_COMMENTS = YES;
				CLANG_WARN_EMPTY_BODY = YES;
				CLANG_WARN_ENUM_CONVERSION = YES;
				CLANG_WARN_INFINITE_RECURSION = YES;
				CLANG_WARN_INT_CONVERSION = YES;
				CLANG_WARN_NON_LITERAL_NULL_CONVERSION = YES;
				CLANG_WARN_OBJC_IMPLICIT_RETAIN_SELF = YES;
				CLANG_WARN_OBJC_LITERAL_CONVERSION = YES;
				CLANG_WARN_OBJC_ROOT_CLASS = YES_ERROR;
				CLANG_WARN_QUOTED_INCLUDE_IN_FRAMEWORK_HEADER = YES;
				CLANG_WARN_RANGE_LOOP_ANALYSIS = YES;
				CLANG_WARN_STRICT_PROTOTYPES = YES;
				CLANG_WARN_SUSPICIOUS_MOVE = YES;
				CLANG_WARN_UNGUARDED_AVAILABILITY = YES_AGGRESSIVE;
				CLANG_WARN_UNREACHABLE_CODE = YES;
				CLANG_WARN__DUPLICATE_METHOD_MATCH = YES;
				COPY_PHASE_STRIP = NO;
				DEBUG_INFORMATION_FORMAT = "dwarf-with-dsym";
				ENABLE_NS_ASSERTIONS = NO;
				ENABLE_STRICT_OBJC_MSGSEND = YES;
				GCC_C_LANGUAGE_STANDARD = gnu11;
				GCC_NO_COMMON_BLOCKS = YES;
				GCC_WARN_64_TO_32_BIT_CONVERSION = YES;
				GCC_WARN_ABOUT_RETURN_TYPE = YES_ERROR;
				GCC_WARN_UNDECLARED_SELECTOR = YES;
				GCC_WARN_UNINITIALIZED_AUTOS = YES_AGGRESSIVE;
				GCC_WARN_UNUSED_FUNCTION = YES;
				GCC_WARN_UNUSED_VARIABLE = YES;
				IPHONEOS_DEPLOYMENT_TARGET = 16.4;
				MTL_ENABLE_DEBUG_INFO = NO;
				MTL_FAST_MATH = YES;
				SDKROOT = iphoneos;
				SWIFT_COMPILATION_MODE = wholemodule;
				SWIFT_OPTIMIZATION_LEVEL = "-O";
				VALIDATE_PRODUCT = YES;
			};
			name = Release;
		};
		17599F522A80DE3D00501E0A /* Debug */ = {
			isa = XCBuildConfiguration;
			baseConfigurationReference = 7464A3A4A522C186AFDA5FC2 /* Pods-DRone.debug.xcconfig */;
			buildSettings = {
				ASSETCATALOG_COMPILER_APPICON_NAME = AppIcon;
				ASSETCATALOG_COMPILER_GLOBAL_ACCENT_COLOR_NAME = AccentColor;
				CODE_SIGN_STYLE = Automatic;
				CURRENT_PROJECT_VERSION = 1;
				DEVELOPMENT_ASSET_PATHS = "\"DRone/Preview Content\"";
				DEVELOPMENT_TEAM = G67K295JTY;
				ENABLE_PREVIEWS = YES;
				GENERATE_INFOPLIST_FILE = YES;
				INFOPLIST_FILE = DRone/Info.plist;
				INFOPLIST_KEY_NSLocationAlwaysAndWhenInUseUsageDescription = "\"Please provide acces to location.\"";
				INFOPLIST_KEY_NSLocationAlwaysUsageDescription = "\"Please priovide acces to location\"";
				INFOPLIST_KEY_NSLocationUsageDescription = "\"Please provide acces to locatiion.\"";
				INFOPLIST_KEY_NSLocationWhenInUseUsageDescription = "\"Please provide acces to location\"";
				INFOPLIST_KEY_UIApplicationSceneManifest_Generation = YES;
				INFOPLIST_KEY_UIApplicationSupportsIndirectInputEvents = YES;
				INFOPLIST_KEY_UILaunchScreen_Generation = YES;
				INFOPLIST_KEY_UISupportedInterfaceOrientations = UIInterfaceOrientationPortrait;
				INFOPLIST_KEY_UISupportedInterfaceOrientations_iPad = "UIInterfaceOrientationLandscapeLeft UIInterfaceOrientationLandscapeRight UIInterfaceOrientationPortrait UIInterfaceOrientationPortraitUpsideDown";
				IPHONEOS_DEPLOYMENT_TARGET = 14.0;
				LD_RUNPATH_SEARCH_PATHS = (
					"$(inherited)",
					"@executable_path/Frameworks",
				);
				MARKETING_VERSION = 1.0;
				PRODUCT_BUNDLE_IDENTIFIER = "drone-app.DRone";
				PRODUCT_NAME = "$(TARGET_NAME)";
				SWIFT_EMIT_LOC_STRINGS = YES;
				SWIFT_VERSION = 5.0;
				TARGETED_DEVICE_FAMILY = "1,2";
			};
			name = Debug;
		};
		17599F532A80DE3D00501E0A /* Release */ = {
			isa = XCBuildConfiguration;
			baseConfigurationReference = 3C0093FF0799CD9F1874A0C9 /* Pods-DRone.release.xcconfig */;
			buildSettings = {
				ASSETCATALOG_COMPILER_APPICON_NAME = AppIcon;
				ASSETCATALOG_COMPILER_GLOBAL_ACCENT_COLOR_NAME = AccentColor;
				CODE_SIGN_STYLE = Automatic;
				CURRENT_PROJECT_VERSION = 1;
				DEVELOPMENT_ASSET_PATHS = "\"DRone/Preview Content\"";
				DEVELOPMENT_TEAM = G67K295JTY;
				ENABLE_PREVIEWS = YES;
				GENERATE_INFOPLIST_FILE = YES;
				INFOPLIST_FILE = DRone/Info.plist;
				INFOPLIST_KEY_NSLocationAlwaysAndWhenInUseUsageDescription = "\"Please provide acces to location.\"";
				INFOPLIST_KEY_NSLocationAlwaysUsageDescription = "\"Please priovide acces to location\"";
				INFOPLIST_KEY_NSLocationUsageDescription = "\"Please provide acces to locatiion.\"";
				INFOPLIST_KEY_NSLocationWhenInUseUsageDescription = "\"Please provide acces to location\"";
				INFOPLIST_KEY_UIApplicationSceneManifest_Generation = YES;
				INFOPLIST_KEY_UIApplicationSupportsIndirectInputEvents = YES;
				INFOPLIST_KEY_UILaunchScreen_Generation = YES;
				INFOPLIST_KEY_UISupportedInterfaceOrientations = UIInterfaceOrientationPortrait;
				INFOPLIST_KEY_UISupportedInterfaceOrientations_iPad = "UIInterfaceOrientationLandscapeLeft UIInterfaceOrientationLandscapeRight UIInterfaceOrientationPortrait UIInterfaceOrientationPortraitUpsideDown";
				IPHONEOS_DEPLOYMENT_TARGET = 14.0;
				LD_RUNPATH_SEARCH_PATHS = (
					"$(inherited)",
					"@executable_path/Frameworks",
				);
				MARKETING_VERSION = 1.0;
				PRODUCT_BUNDLE_IDENTIFIER = "drone-app.DRone";
				PRODUCT_NAME = "$(TARGET_NAME)";
				SWIFT_EMIT_LOC_STRINGS = YES;
				SWIFT_VERSION = 5.0;
				TARGETED_DEVICE_FAMILY = "1,2";
			};
			name = Release;
		};
/* End XCBuildConfiguration section */

/* Begin XCConfigurationList section */
		17599F3E2A80DE3B00501E0A /* Build configuration list for PBXProject "DRone" */ = {
			isa = XCConfigurationList;
			buildConfigurations = (
				17599F4F2A80DE3D00501E0A /* Debug */,
				17599F502A80DE3D00501E0A /* Release */,
			);
			defaultConfigurationIsVisible = 0;
			defaultConfigurationName = Release;
		};
		17599F512A80DE3D00501E0A /* Build configuration list for PBXNativeTarget "DRone" */ = {
			isa = XCConfigurationList;
			buildConfigurations = (
				17599F522A80DE3D00501E0A /* Debug */,
				17599F532A80DE3D00501E0A /* Release */,
			);
			defaultConfigurationIsVisible = 0;
			defaultConfigurationName = Release;
		};
/* End XCConfigurationList section */

/* Begin XCRemoteSwiftPackageReference section */
		172D63E22A811667006621F4 /* XCRemoteSwiftPackageReference "SwiftyJSON" */ = {
			isa = XCRemoteSwiftPackageReference;
			repositoryURL = "https://github.com/SwiftyJSON/SwiftyJSON.git";
			requirement = {
				kind = upToNextMajorVersion;
				minimumVersion = 5.0.0;
			};
		};
		172D63E72A811BC0006621F4 /* XCRemoteSwiftPackageReference "netfox" */ = {
			isa = XCRemoteSwiftPackageReference;
			repositoryURL = "https://github.com/kasketis/netfox";
			requirement = {
				kind = upToNextMajorVersion;
				minimumVersion = 1.0.0;
			};
		};
/* End XCRemoteSwiftPackageReference section */

/* Begin XCSwiftPackageProductDependency section */
		172D63E32A811667006621F4 /* SwiftyJSON */ = {
			isa = XCSwiftPackageProductDependency;
			package = 172D63E22A811667006621F4 /* XCRemoteSwiftPackageReference "SwiftyJSON" */;
			productName = SwiftyJSON;
		};
		172D63E82A811BC0006621F4 /* netfox */ = {
			isa = XCSwiftPackageProductDependency;
			package = 172D63E72A811BC0006621F4 /* XCRemoteSwiftPackageReference "netfox" */;
			productName = netfox;
		};
/* End XCSwiftPackageProductDependency section */
	};
	rootObject = 17599F3B2A80DE3B00501E0A /* Project object */;
}
